// !$*UTF8*$!
{
	archiveVersion = 1;
	classes = {
	};
	objectVersion = 56;
	objects = {

/* Begin PBXBuildFile section */
		D940501C2B31A7E40063E278 /* SoccerTeam.swift in Sources */ = {isa = PBXBuildFile; fileRef = D940501B2B31A7E40063E278 /* SoccerTeam.swift */; };
		D940501F2B31A8270063E278 /* Color.swift in Sources */ = {isa = PBXBuildFile; fileRef = D940501E2B31A8270063E278 /* Color.swift */; };
		D94050212B31AA460063E278 /* GroupTeam.swift in Sources */ = {isa = PBXBuildFile; fileRef = D94050202B31AA460063E278 /* GroupTeam.swift */; };
		D94050232B31AB7A0063E278 /* TeamManager.swift in Sources */ = {isa = PBXBuildFile; fileRef = D94050222B31AB7A0063E278 /* TeamManager.swift */; };
		D94050272B31C5900063E278 /* MatchCalendarView.swift in Sources */ = {isa = PBXBuildFile; fileRef = D94050262B31C5900063E278 /* MatchCalendarView.swift */; };
		D961DAE82B31A5C1004238DA /* App.swift in Sources */ = {isa = PBXBuildFile; fileRef = D961DAE72B31A5C1004238DA /* App.swift */; };
		D961DAEA2B31A5C1004238DA /* HomeView.swift in Sources */ = {isa = PBXBuildFile; fileRef = D961DAE92B31A5C1004238DA /* HomeView.swift */; };
		D961DAEC2B31A5C2004238DA /* Assets.xcassets in Resources */ = {isa = PBXBuildFile; fileRef = D961DAEB2B31A5C2004238DA /* Assets.xcassets */; };
		D961DAEF2B31A5C2004238DA /* Preview Assets.xcassets in Resources */ = {isa = PBXBuildFile; fileRef = D961DAEE2B31A5C2004238DA /* Preview Assets.xcassets */; };
		D961DAF12B31A5C2004238DA /* Persistence.swift in Sources */ = {isa = PBXBuildFile; fileRef = D961DAF02B31A5C2004238DA /* Persistence.swift */; };
		D961DAF42B31A5C2004238DA /* Euro2024.xcdatamodeld in Sources */ = {isa = PBXBuildFile; fileRef = D961DAF22B31A5C2004238DA /* Euro2024.xcdatamodeld */; };
/* End PBXBuildFile section */

/* Begin PBXFileReference section */
		D940501B2B31A7E40063E278 /* SoccerTeam.swift */ = {isa = PBXFileReference; lastKnownFileType = sourcecode.swift; path = SoccerTeam.swift; sourceTree = "<group>"; };
		D940501E2B31A8270063E278 /* Color.swift */ = {isa = PBXFileReference; lastKnownFileType = sourcecode.swift; path = Color.swift; sourceTree = "<group>"; };
		D94050202B31AA460063E278 /* GroupTeam.swift */ = {isa = PBXFileReference; lastKnownFileType = sourcecode.swift; path = GroupTeam.swift; sourceTree = "<group>"; };
		D94050222B31AB7A0063E278 /* TeamManager.swift */ = {isa = PBXFileReference; lastKnownFileType = sourcecode.swift; path = TeamManager.swift; sourceTree = "<group>"; };
		D94050262B31C5900063E278 /* MatchCalendarView.swift */ = {isa = PBXFileReference; lastKnownFileType = sourcecode.swift; path = MatchCalendarView.swift; sourceTree = "<group>"; };
		D961DAE42B31A5C1004238DA /* Euro2024.app */ = {isa = PBXFileReference; explicitFileType = wrapper.application; includeInIndex = 0; path = Euro2024.app; sourceTree = BUILT_PRODUCTS_DIR; };
		D961DAE72B31A5C1004238DA /* App.swift */ = {isa = PBXFileReference; lastKnownFileType = sourcecode.swift; path = App.swift; sourceTree = "<group>"; };
		D961DAE92B31A5C1004238DA /* HomeView.swift */ = {isa = PBXFileReference; lastKnownFileType = sourcecode.swift; path = HomeView.swift; sourceTree = "<group>"; };
		D961DAEB2B31A5C2004238DA /* Assets.xcassets */ = {isa = PBXFileReference; lastKnownFileType = folder.assetcatalog; path = Assets.xcassets; sourceTree = "<group>"; };
		D961DAEE2B31A5C2004238DA /* Preview Assets.xcassets */ = {isa = PBXFileReference; lastKnownFileType = folder.assetcatalog; path = "Preview Assets.xcassets"; sourceTree = "<group>"; };
		D961DAF02B31A5C2004238DA /* Persistence.swift */ = {isa = PBXFileReference; lastKnownFileType = sourcecode.swift; path = Persistence.swift; sourceTree = "<group>"; };
		D961DAF32B31A5C2004238DA /* Euro2024.xcdatamodel */ = {isa = PBXFileReference; lastKnownFileType = wrapper.xcdatamodel; path = Euro2024.xcdatamodel; sourceTree = "<group>"; };
/* End PBXFileReference section */

/* Begin PBXFrameworksBuildPhase section */
		D961DAE12B31A5C1004238DA /* Frameworks */ = {
			isa = PBXFrameworksBuildPhase;
			buildActionMask = 2147483647;
			files = (
			);
			runOnlyForDeploymentPostprocessing = 0;
		};
/* End PBXFrameworksBuildPhase section */

/* Begin PBXGroup section */
		D94050172B31A79E0063E278 /* Views */ = {
			isa = PBXGroup;
			children = (
				D961DAE92B31A5C1004238DA /* HomeView.swift */,
				D94050262B31C5900063E278 /* MatchCalendarView.swift */,
			);
			path = Views;
			sourceTree = "<group>";
		};
		D94050182B31A7AE0063E278 /* CoreData */ = {
			isa = PBXGroup;
			children = (
				D961DAF02B31A5C2004238DA /* Persistence.swift */,
				D961DAF22B31A5C2004238DA /* Euro2024.xcdatamodeld */,
			);
			path = CoreData;
			sourceTree = "<group>";
		};
		D94050192B31A7BF0063E278 /* Ressources */ = {
			isa = PBXGroup;
			children = (
				D940501D2B31A8180063E278 /* Extensions */,
				D94050222B31AB7A0063E278 /* TeamManager.swift */,
				D961DAEB2B31A5C2004238DA /* Assets.xcassets */,
			);
			path = Ressources;
			sourceTree = "<group>";
		};
		D940501A2B31A7D50063E278 /* Model */ = {
			isa = PBXGroup;
			children = (
				D940501B2B31A7E40063E278 /* SoccerTeam.swift */,
				D94050202B31AA460063E278 /* GroupTeam.swift */,
			);
			path = Model;
			sourceTree = "<group>";
		};
		D940501D2B31A8180063E278 /* Extensions */ = {
			isa = PBXGroup;
			children = (
				D940501E2B31A8270063E278 /* Color.swift */,
			);
			path = Extensions;
			sourceTree = "<group>";
		};
		D961DADB2B31A5C1004238DA = {
			isa = PBXGroup;
			children = (
				D961DAE62B31A5C1004238DA /* Euro2024 */,
				D961DAE52B31A5C1004238DA /* Products */,
			);
			sourceTree = "<group>";
		};
		D961DAE52B31A5C1004238DA /* Products */ = {
			isa = PBXGroup;
			children = (
				D961DAE42B31A5C1004238DA /* Euro2024.app */,
			);
			name = Products;
			sourceTree = "<group>";
		};
		D961DAE62B31A5C1004238DA /* Euro2024 */ = {
			isa = PBXGroup;
			children = (
				D961DAE72B31A5C1004238DA /* App.swift */,
				D94050172B31A79E0063E278 /* Views */,
				D940501A2B31A7D50063E278 /* Model */,
				D94050182B31A7AE0063E278 /* CoreData */,
				D94050192B31A7BF0063E278 /* Ressources */,
				D961DAED2B31A5C2004238DA /* Preview Content */,
			);
			path = Euro2024;
			sourceTree = "<group>";
		};
		D961DAED2B31A5C2004238DA /* Preview Content */ = {
			isa = PBXGroup;
			children = (
				D961DAEE2B31A5C2004238DA /* Preview Assets.xcassets */,
			);
			path = "Preview Content";
			sourceTree = "<group>";
		};
/* End PBXGroup section */

/* Begin PBXNativeTarget section */
		D961DAE32B31A5C1004238DA /* Euro2024 */ = {
			isa = PBXNativeTarget;
			buildConfigurationList = D961DAF72B31A5C2004238DA /* Build configuration list for PBXNativeTarget "Euro2024" */;
			buildPhases = (
				D961DAE02B31A5C1004238DA /* Sources */,
				D961DAE12B31A5C1004238DA /* Frameworks */,
				D961DAE22B31A5C1004238DA /* Resources */,
			);
			buildRules = (
			);
			dependencies = (
			);
			name = Euro2024;
			productName = Euro2024;
			productReference = D961DAE42B31A5C1004238DA /* Euro2024.app */;
			productType = "com.apple.product-type.application";
		};
/* End PBXNativeTarget section */

/* Begin PBXProject section */
		D961DADC2B31A5C1004238DA /* Project object */ = {
			isa = PBXProject;
			attributes = {
				BuildIndependentTargetsInParallel = 1;
				LastSwiftUpdateCheck = 1510;
				LastUpgradeCheck = 1510;
				TargetAttributes = {
					D961DAE32B31A5C1004238DA = {
						CreatedOnToolsVersion = 15.1;
					};
				};
			};
			buildConfigurationList = D961DADF2B31A5C1004238DA /* Build configuration list for PBXProject "Euro2024" */;
			compatibilityVersion = "Xcode 14.0";
			developmentRegion = en;
			hasScannedForEncodings = 0;
			knownRegions = (
				en,
				Base,
			);
			mainGroup = D961DADB2B31A5C1004238DA;
			productRefGroup = D961DAE52B31A5C1004238DA /* Products */;
			projectDirPath = "";
			projectRoot = "";
			targets = (
				D961DAE32B31A5C1004238DA /* Euro2024 */,
			);
		};
/* End PBXProject section */

/* Begin PBXResourcesBuildPhase section */
		D961DAE22B31A5C1004238DA /* Resources */ = {
			isa = PBXResourcesBuildPhase;
			buildActionMask = 2147483647;
			files = (
				D961DAEF2B31A5C2004238DA /* Preview Assets.xcassets in Resources */,
				D961DAEC2B31A5C2004238DA /* Assets.xcassets in Resources */,
			);
			runOnlyForDeploymentPostprocessing = 0;
		};
/* End PBXResourcesBuildPhase section */

/* Begin PBXSourcesBuildPhase section */
		D961DAE02B31A5C1004238DA /* Sources */ = {
			isa = PBXSourcesBuildPhase;
			buildActionMask = 2147483647;
			files = (
				D961DAF42B31A5C2004238DA /* Euro2024.xcdatamodeld in Sources */,
				D961DAF12B31A5C2004238DA /* Persistence.swift in Sources */,
				D961DAEA2B31A5C1004238DA /* HomeView.swift in Sources */,
				D940501C2B31A7E40063E278 /* SoccerTeam.swift in Sources */,
				D94050212B31AA460063E278 /* GroupTeam.swift in Sources */,
				D94050272B31C5900063E278 /* MatchCalendarView.swift in Sources */,
				D961DAE82B31A5C1004238DA /* App.swift in Sources */,
				D94050232B31AB7A0063E278 /* TeamManager.swift in Sources */,
				D940501F2B31A8270063E278 /* Color.swift in Sources */,
			);
			runOnlyForDeploymentPostprocessing = 0;
		};
/* End PBXSourcesBuildPhase section */

/* Begin XCBuildConfiguration section */
		D961DAF52B31A5C2004238DA /* Debug */ = {
			isa = XCBuildConfiguration;
			buildSettings = {
				ALWAYS_SEARCH_USER_PATHS = NO;
				ASSETCATALOG_COMPILER_GENERATE_SWIFT_ASSET_SYMBOL_EXTENSIONS = YES;
				CLANG_ANALYZER_NONNULL = YES;
				CLANG_ANALYZER_NUMBER_OBJECT_CONVERSION = YES_AGGRESSIVE;
				CLANG_CXX_LANGUAGE_STANDARD = "gnu++20";
				CLANG_ENABLE_MODULES = YES;
				CLANG_ENABLE_OBJC_ARC = YES;
				CLANG_ENABLE_OBJC_WEAK = YES;
				CLANG_WARN_BLOCK_CAPTURE_AUTORELEASING = YES;
				CLANG_WARN_BOOL_CONVERSION = YES;
				CLANG_WARN_COMMA = YES;
				CLANG_WARN_CONSTANT_CONVERSION = YES;
				CLANG_WARN_DEPRECATED_OBJC_IMPLEMENTATIONS = YES;
				CLANG_WARN_DIRECT_OBJC_ISA_USAGE = YES_ERROR;
				CLANG_WARN_DOCUMENTATION_COMMENTS = YES;
				CLANG_WARN_EMPTY_BODY = YES;
				CLANG_WARN_ENUM_CONVERSION = YES;
				CLANG_WARN_INFINITE_RECURSION = YES;
				CLANG_WARN_INT_CONVERSION = YES;
				CLANG_WARN_NON_LITERAL_NULL_CONVERSION = YES;
				CLANG_WARN_OBJC_IMPLICIT_RETAIN_SELF = YES;
				CLANG_WARN_OBJC_LITERAL_CONVERSION = YES;
				CLANG_WARN_OBJC_ROOT_CLASS = YES_ERROR;
				CLANG_WARN_QUOTED_INCLUDE_IN_FRAMEWORK_HEADER = YES;
				CLANG_WARN_RANGE_LOOP_ANALYSIS = YES;
				CLANG_WARN_STRICT_PROTOTYPES = YES;
				CLANG_WARN_SUSPICIOUS_MOVE = YES;
				CLANG_WARN_UNGUARDED_AVAILABILITY = YES_AGGRESSIVE;
				CLANG_WARN_UNREACHABLE_CODE = YES;
				CLANG_WARN__DUPLICATE_METHOD_MATCH = YES;
				COPY_PHASE_STRIP = NO;
				DEBUG_INFORMATION_FORMAT = dwarf;
				ENABLE_STRICT_OBJC_MSGSEND = YES;
				ENABLE_TESTABILITY = YES;
				ENABLE_USER_SCRIPT_SANDBOXING = YES;
				GCC_C_LANGUAGE_STANDARD = gnu17;
				GCC_DYNAMIC_NO_PIC = NO;
				GCC_NO_COMMON_BLOCKS = YES;
				GCC_OPTIMIZATION_LEVEL = 0;
				GCC_PREPROCESSOR_DEFINITIONS = (
					"DEBUG=1",
					"$(inherited)",
				);
				GCC_WARN_64_TO_32_BIT_CONVERSION = YES;
				GCC_WARN_ABOUT_RETURN_TYPE = YES_ERROR;
				GCC_WARN_UNDECLARED_SELECTOR = YES;
				GCC_WARN_UNINITIALIZED_AUTOS = YES_AGGRESSIVE;
				GCC_WARN_UNUSED_FUNCTION = YES;
				GCC_WARN_UNUSED_VARIABLE = YES;
				IPHONEOS_DEPLOYMENT_TARGET = 17.2;
				LOCALIZATION_PREFERS_STRING_CATALOGS = YES;
				MTL_ENABLE_DEBUG_INFO = INCLUDE_SOURCE;
				MTL_FAST_MATH = YES;
				ONLY_ACTIVE_ARCH = YES;
				SDKROOT = iphoneos;
				SWIFT_ACTIVE_COMPILATION_CONDITIONS = "DEBUG $(inherited)";
				SWIFT_OPTIMIZATION_LEVEL = "-Onone";
			};
			name = Debug;
		};
		D961DAF62B31A5C2004238DA /* Release */ = {
			isa = XCBuildConfiguration;
			buildSettings = {
				ALWAYS_SEARCH_USER_PATHS = NO;
				ASSETCATALOG_COMPILER_GENERATE_SWIFT_ASSET_SYMBOL_EXTENSIONS = YES;
				CLANG_ANALYZER_NONNULL = YES;
				CLANG_ANALYZER_NUMBER_OBJECT_CONVERSION = YES_AGGRESSIVE;
				CLANG_CXX_LANGUAGE_STANDARD = "gnu++20";
				CLANG_ENABLE_MODULES = YES;
				CLANG_ENABLE_OBJC_ARC = YES;
				CLANG_ENABLE_OBJC_WEAK = YES;
				CLANG_WARN_BLOCK_CAPTURE_AUTORELEASING = YES;
				CLANG_WARN_BOOL_CONVERSION = YES;
				CLANG_WARN_COMMA = YES;
				CLANG_WARN_CONSTANT_CONVERSION = YES;
				CLANG_WARN_DEPRECATED_OBJC_IMPLEMENTATIONS = YES;
				CLANG_WARN_DIRECT_OBJC_ISA_USAGE = YES_ERROR;
				CLANG_WARN_DOCUMENTATION_COMMENTS = YES;
				CLANG_WARN_EMPTY_BODY = YES;
				CLANG_WARN_ENUM_CONVERSION = YES;
				CLANG_WARN_INFINITE_RECURSION = YES;
				CLANG_WARN_INT_CONVERSION = YES;
				CLANG_WARN_NON_LITERAL_NULL_CONVERSION = YES;
				CLANG_WARN_OBJC_IMPLICIT_RETAIN_SELF = YES;
				CLANG_WARN_OBJC_LITERAL_CONVERSION = YES;
				CLANG_WARN_OBJC_ROOT_CLASS = YES_ERROR;
				CLANG_WARN_QUOTED_INCLUDE_IN_FRAMEWORK_HEADER = YES;
				CLANG_WARN_RANGE_LOOP_ANALYSIS = YES;
				CLANG_WARN_STRICT_PROTOTYPES = YES;
				CLANG_WARN_SUSPICIOUS_MOVE = YES;
				CLANG_WARN_UNGUARDED_AVAILABILITY = YES_AGGRESSIVE;
				CLANG_WARN_UNREACHABLE_CODE = YES;
				CLANG_WARN__DUPLICATE_METHOD_MATCH = YES;
				COPY_PHASE_STRIP = NO;
				DEBUG_INFORMATION_FORMAT = "dwarf-with-dsym";
				ENABLE_NS_ASSERTIONS = NO;
				ENABLE_STRICT_OBJC_MSGSEND = YES;
				ENABLE_USER_SCRIPT_SANDBOXING = YES;
				GCC_C_LANGUAGE_STANDARD = gnu17;
				GCC_NO_COMMON_BLOCKS = YES;
				GCC_WARN_64_TO_32_BIT_CONVERSION = YES;
				GCC_WARN_ABOUT_RETURN_TYPE = YES_ERROR;
				GCC_WARN_UNDECLARED_SELECTOR = YES;
				GCC_WARN_UNINITIALIZED_AUTOS = YES_AGGRESSIVE;
				GCC_WARN_UNUSED_FUNCTION = YES;
				GCC_WARN_UNUSED_VARIABLE = YES;
				IPHONEOS_DEPLOYMENT_TARGET = 17.2;
				LOCALIZATION_PREFERS_STRING_CATALOGS = YES;
				MTL_ENABLE_DEBUG_INFO = NO;
				MTL_FAST_MATH = YES;
				SDKROOT = iphoneos;
				SWIFT_COMPILATION_MODE = wholemodule;
				VALIDATE_PRODUCT = YES;
			};
			name = Release;
		};
		D961DAF82B31A5C2004238DA /* Debug */ = {
			isa = XCBuildConfiguration;
			buildSettings = {
				ASSETCATALOG_COMPILER_APPICON_NAME = AppIcon;
				ASSETCATALOG_COMPILER_GLOBAL_ACCENT_COLOR_NAME = AccentColor;
				CODE_SIGN_STYLE = Automatic;
				CURRENT_PROJECT_VERSION = 1;
				DEVELOPMENT_ASSET_PATHS = "\"Euro2024/Preview Content\"";
				DEVELOPMENT_TEAM = 8TMMB69WBG;
				ENABLE_PREVIEWS = YES;
				GENERATE_INFOPLIST_FILE = YES;
				INFOPLIST_KEY_UIApplicationSceneManifest_Generation = YES;
				INFOPLIST_KEY_UIApplicationSupportsIndirectInputEvents = YES;
				INFOPLIST_KEY_UILaunchScreen_Generation = YES;
				INFOPLIST_KEY_UISupportedInterfaceOrientations = UIInterfaceOrientationPortrait;
				INFOPLIST_KEY_UISupportedInterfaceOrientations_iPad = "UIInterfaceOrientationLandscapeLeft UIInterfaceOrientationLandscapeRight UIInterfaceOrientationPortrait UIInterfaceOrientationPortraitUpsideDown";
				LD_RUNPATH_SEARCH_PATHS = (
					"$(inherited)",
					"@executable_path/Frameworks",
				);
				MARKETING_VERSION = 1.0;
				PRODUCT_BUNDLE_IDENTIFIER = sementa.com.Euro2024;
				PRODUCT_NAME = "$(TARGET_NAME)";
				SUPPORTED_PLATFORMS = "iphoneos iphonesimulator";
				SUPPORTS_MACCATALYST = NO;
				SUPPORTS_MAC_DESIGNED_FOR_IPHONE_IPAD = NO;
				SWIFT_EMIT_LOC_STRINGS = YES;
				SWIFT_VERSION = 5.0;
				TARGETED_DEVICE_FAMILY = 1;
			};
			name = Debug;
		};
		D961DAF92B31A5C2004238DA /* Release */ = {
			isa = XCBuildConfiguration;
			buildSettings = {
				ASSETCATALOG_COMPILER_APPICON_NAME = AppIcon;
				ASSETCATALOG_COMPILER_GLOBAL_ACCENT_COLOR_NAME = AccentColor;
				CODE_SIGN_STYLE = Automatic;
				CURRENT_PROJECT_VERSION = 1;
				DEVELOPMENT_ASSET_PATHS = "\"Euro2024/Preview Content\"";
				DEVELOPMENT_TEAM = 8TMMB69WBG;
				ENABLE_PREVIEWS = YES;
				GENERATE_INFOPLIST_FILE = YES;
				INFOPLIST_KEY_UIApplicationSceneManifest_Generation = YES;
				INFOPLIST_KEY_UIApplicationSupportsIndirectInputEvents = YES;
				INFOPLIST_KEY_UILaunchScreen_Generation = YES;
				INFOPLIST_KEY_UISupportedInterfaceOrientations = UIInterfaceOrientationPortrait;
				INFOPLIST_KEY_UISupportedInterfaceOrientations_iPad = "UIInterfaceOrientationLandscapeLeft UIInterfaceOrientationLandscapeRight UIInterfaceOrientationPortrait UIInterfaceOrientationPortraitUpsideDown";
				LD_RUNPATH_SEARCH_PATHS = (
					"$(inherited)",
					"@executable_path/Frameworks",
				);
				MARKETING_VERSION = 1.0;
				PRODUCT_BUNDLE_IDENTIFIER = sementa.com.Euro2024;
				PRODUCT_NAME = "$(TARGET_NAME)";
				SUPPORTED_PLATFORMS = "iphoneos iphonesimulator";
				SUPPORTS_MACCATALYST = NO;
				SUPPORTS_MAC_DESIGNED_FOR_IPHONE_IPAD = NO;
				SWIFT_EMIT_LOC_STRINGS = YES;
				SWIFT_VERSION = 5.0;
				TARGETED_DEVICE_FAMILY = 1;
			};
			name = Release;
		};
/* End XCBuildConfiguration section */

/* Begin XCConfigurationList section */
		D961DADF2B31A5C1004238DA /* Build configuration list for PBXProject "Euro2024" */ = {
			isa = XCConfigurationList;
			buildConfigurations = (
				D961DAF52B31A5C2004238DA /* Debug */,
				D961DAF62B31A5C2004238DA /* Release */,
			);
			defaultConfigurationIsVisible = 0;
			defaultConfigurationName = Release;
		};
		D961DAF72B31A5C2004238DA /* Build configuration list for PBXNativeTarget "Euro2024" */ = {
			isa = XCConfigurationList;
			buildConfigurations = (
				D961DAF82B31A5C2004238DA /* Debug */,
				D961DAF92B31A5C2004238DA /* Release */,
			);
			defaultConfigurationIsVisible = 0;
			defaultConfigurationName = Release;
		};
/* End XCConfigurationList section */

/* Begin XCVersionGroup section */
		D961DAF22B31A5C2004238DA /* Euro2024.xcdatamodeld */ = {
			isa = XCVersionGroup;
			children = (
				D961DAF32B31A5C2004238DA /* Euro2024.xcdatamodel */,
			);
			currentVersion = D961DAF32B31A5C2004238DA /* Euro2024.xcdatamodel */;
			path = Euro2024.xcdatamodeld;
			sourceTree = "<group>";
			versionGroupType = wrapper.xcdatamodel;
		};
/* End XCVersionGroup section */
	};
	rootObject = D961DADC2B31A5C1004238DA /* Project object */;
}
